// !$*UTF8*$!
{
	archiveVersion = 1;
	classes = {
	};
	objectVersion = 46;
	objects = {

/* Begin PBXBuildFile section */
		4757A0821ABC1D9E00DA9FB5 /* AppDelegate.swift in Sources */ = {isa = PBXBuildFile; fileRef = 4757A0811ABC1D9E00DA9FB5 /* AppDelegate.swift */; };
		4757A0841ABC1D9E00DA9FB5 /* ViewController.swift in Sources */ = {isa = PBXBuildFile; fileRef = 4757A0831ABC1D9E00DA9FB5 /* ViewController.swift */; };
		4757A0861ABC1D9E00DA9FB5 /* Images.xcassets in Resources */ = {isa = PBXBuildFile; fileRef = 4757A0851ABC1D9E00DA9FB5 /* Images.xcassets */; };
		4757A0891ABC1D9E00DA9FB5 /* Main.storyboard in Resources */ = {isa = PBXBuildFile; fileRef = 4757A0871ABC1D9E00DA9FB5 /* Main.storyboard */; };
		4757A0951ABC1D9E00DA9FB5 /* MasterMindTests.swift in Sources */ = {isa = PBXBuildFile; fileRef = 4757A0941ABC1D9E00DA9FB5 /* MasterMindTests.swift */; };
/* End PBXBuildFile section */

/* Begin PBXContainerItemProxy section */
		4757A08F1ABC1D9E00DA9FB5 /* PBXContainerItemProxy */ = {
			isa = PBXContainerItemProxy;
			containerPortal = 4757A0741ABC1D9E00DA9FB5 /* Project object */;
			proxyType = 1;
			remoteGlobalIDString = 4757A07B1ABC1D9E00DA9FB5;
			remoteInfo = MasterMind;
		};
/* End PBXContainerItemProxy section */

/* Begin PBXFileReference section */
		4757A07C1ABC1D9E00DA9FB5 /* MasterMind.app */ = {isa = PBXFileReference; explicitFileType = wrapper.application; includeInIndex = 0; path = MasterMind.app; sourceTree = BUILT_PRODUCTS_DIR; };
		4757A0801ABC1D9E00DA9FB5 /* Info.plist */ = {isa = PBXFileReference; lastKnownFileType = text.plist.xml; path = Info.plist; sourceTree = "<group>"; };
		4757A0811ABC1D9E00DA9FB5 /* AppDelegate.swift */ = {isa = PBXFileReference; lastKnownFileType = sourcecode.swift; path = AppDelegate.swift; sourceTree = "<group>"; };
		4757A0831ABC1D9E00DA9FB5 /* ViewController.swift */ = {isa = PBXFileReference; lastKnownFileType = sourcecode.swift; path = ViewController.swift; sourceTree = "<group>"; };
		4757A0851ABC1D9E00DA9FB5 /* Images.xcassets */ = {isa = PBXFileReference; lastKnownFileType = folder.assetcatalog; path = Images.xcassets; sourceTree = "<group>"; };
		4757A0881ABC1D9E00DA9FB5 /* Base */ = {isa = PBXFileReference; lastKnownFileType = file.storyboard; name = Base; path = Base.lproj/Main.storyboard; sourceTree = "<group>"; };
		4757A08E1ABC1D9E00DA9FB5 /* MasterMindTests.xctest */ = {isa = PBXFileReference; explicitFileType = wrapper.cfbundle; includeInIndex = 0; path = MasterMindTests.xctest; sourceTree = BUILT_PRODUCTS_DIR; };
		4757A0931ABC1D9E00DA9FB5 /* Info.plist */ = {isa = PBXFileReference; lastKnownFileType = text.plist.xml; path = Info.plist; sourceTree = "<group>"; };
		4757A0941ABC1D9E00DA9FB5 /* MasterMindTests.swift */ = {isa = PBXFileReference; lastKnownFileType = sourcecode.swift; path = MasterMindTests.swift; sourceTree = "<group>"; };
/* End PBXFileReference section */

/* Begin PBXFrameworksBuildPhase section */
		4757A0791ABC1D9E00DA9FB5 /* Frameworks */ = {
			isa = PBXFrameworksBuildPhase;
			buildActionMask = 2147483647;
			files = (
			);
			runOnlyForDeploymentPostprocessing = 0;
		};
		4757A08B1ABC1D9E00DA9FB5 /* Frameworks */ = {
			isa = PBXFrameworksBuildPhase;
			buildActionMask = 2147483647;
			files = (
			);
			runOnlyForDeploymentPostprocessing = 0;
		};
/* End PBXFrameworksBuildPhase section */

/* Begin PBXGroup section */
		4757A0731ABC1D9E00DA9FB5 = {
			isa = PBXGroup;
			children = (
				4757A07E1ABC1D9E00DA9FB5 /* MasterMind */,
				4757A0911ABC1D9E00DA9FB5 /* MasterMindTests */,
				4757A07D1ABC1D9E00DA9FB5 /* Products */,
			);
			sourceTree = "<group>";
		};
		4757A07D1ABC1D9E00DA9FB5 /* Products */ = {
			isa = PBXGroup;
			children = (
				4757A07C1ABC1D9E00DA9FB5 /* MasterMind.app */,
				4757A08E1ABC1D9E00DA9FB5 /* MasterMindTests.xctest */,
			);
			name = Products;
			sourceTree = "<group>";
		};
		4757A07E1ABC1D9E00DA9FB5 /* MasterMind */ = {
			isa = PBXGroup;
			children = (
				4757A0811ABC1D9E00DA9FB5 /* AppDelegate.swift */,
				4757A0831ABC1D9E00DA9FB5 /* ViewController.swift */,
				4757A0851ABC1D9E00DA9FB5 /* Images.xcassets */,
				4757A0871ABC1D9E00DA9FB5 /* Main.storyboard */,
				4757A07F1ABC1D9E00DA9FB5 /* Supporting Files */,
			);
			path = MasterMind;
			sourceTree = "<group>";
		};
		4757A07F1ABC1D9E00DA9FB5 /* Supporting Files */ = {
			isa = PBXGroup;
			children = (
				4757A0801ABC1D9E00DA9FB5 /* Info.plist */,
			);
			name = "Supporting Files";
			sourceTree = "<group>";
		};
		4757A0911ABC1D9E00DA9FB5 /* MasterMindTests */ = {
			isa = PBXGroup;
			children = (
				4757A0941ABC1D9E00DA9FB5 /* MasterMindTests.swift */,
				4757A0921ABC1D9E00DA9FB5 /* Supporting Files */,
			);
			path = MasterMindTests;
			sourceTree = "<group>";
		};
		4757A0921ABC1D9E00DA9FB5 /* Supporting Files */ = {
			isa = PBXGroup;
			children = (
				4757A0931ABC1D9E00DA9FB5 /* Info.plist */,
			);
			name = "Supporting Files";
			sourceTree = "<group>";
		};
/* End PBXGroup section */

/* Begin PBXNativeTarget section */
		4757A07B1ABC1D9E00DA9FB5 /* MasterMind */ = {
			isa = PBXNativeTarget;
			buildConfigurationList = 4757A0981ABC1D9E00DA9FB5 /* Build configuration list for PBXNativeTarget "MasterMind" */;
			buildPhases = (
				4757A0781ABC1D9E00DA9FB5 /* Sources */,
				4757A0791ABC1D9E00DA9FB5 /* Frameworks */,
				4757A07A1ABC1D9E00DA9FB5 /* Resources */,
			);
			buildRules = (
			);
			dependencies = (
			);
			name = MasterMind;
			productName = MasterMind;
			productReference = 4757A07C1ABC1D9E00DA9FB5 /* MasterMind.app */;
			productType = "com.apple.product-type.application";
		};
		4757A08D1ABC1D9E00DA9FB5 /* MasterMindTests */ = {
			isa = PBXNativeTarget;
			buildConfigurationList = 4757A09B1ABC1D9E00DA9FB5 /* Build configuration list for PBXNativeTarget "MasterMindTests" */;
			buildPhases = (
				4757A08A1ABC1D9E00DA9FB5 /* Sources */,
				4757A08B1ABC1D9E00DA9FB5 /* Frameworks */,
				4757A08C1ABC1D9E00DA9FB5 /* Resources */,
			);
			buildRules = (
			);
			dependencies = (
				4757A0901ABC1D9E00DA9FB5 /* PBXTargetDependency */,
			);
			name = MasterMindTests;
			productName = MasterMindTests;
			productReference = 4757A08E1ABC1D9E00DA9FB5 /* MasterMindTests.xctest */;
			productType = "com.apple.product-type.bundle.unit-test";
		};
/* End PBXNativeTarget section */

/* Begin PBXProject section */
		4757A0741ABC1D9E00DA9FB5 /* Project object */ = {
			isa = PBXProject;
			attributes = {
				LastUpgradeCheck = 0610;
				ORGANIZATIONNAME = "Julien Stefani";
				TargetAttributes = {
					4757A07B1ABC1D9E00DA9FB5 = {
						CreatedOnToolsVersion = 6.1.1;
					};
					4757A08D1ABC1D9E00DA9FB5 = {
						CreatedOnToolsVersion = 6.1.1;
						TestTargetID = 4757A07B1ABC1D9E00DA9FB5;
					};
				};
			};
			buildConfigurationList = 4757A0771ABC1D9E00DA9FB5 /* Build configuration list for PBXProject "MasterMind" */;
			compatibilityVersion = "Xcode 3.2";
			developmentRegion = English;
			hasScannedForEncodings = 0;
			knownRegions = (
				en,
				Base,
			);
			mainGroup = 4757A0731ABC1D9E00DA9FB5;
			productRefGroup = 4757A07D1ABC1D9E00DA9FB5 /* Products */;
			projectDirPath = "";
			projectRoot = "";
			targets = (
				4757A07B1ABC1D9E00DA9FB5 /* MasterMind */,
				4757A08D1ABC1D9E00DA9FB5 /* MasterMindTests */,
			);
		};
/* End PBXProject section */

/* Begin PBXResourcesBuildPhase section */
		4757A07A1ABC1D9E00DA9FB5 /* Resources */ = {
			isa = PBXResourcesBuildPhase;
			buildActionMask = 2147483647;
			files = (
				4757A0861ABC1D9E00DA9FB5 /* Images.xcassets in Resources */,
				4757A0891ABC1D9E00DA9FB5 /* Main.storyboard in Resources */,
			);
			runOnlyForDeploymentPostprocessing = 0;
		};
		4757A08C1ABC1D9E00DA9FB5 /* Resources */ = {
			isa = PBXResourcesBuildPhase;
			buildActionMask = 2147483647;
			files = (
			);
			runOnlyForDeploymentPostprocessing = 0;
		};
/* End PBXResourcesBuildPhase section */

/* Begin PBXSourcesBuildPhase section */
		4757A0781ABC1D9E00DA9FB5 /* Sources */ = {
			isa = PBXSourcesBuildPhase;
			buildActionMask = 2147483647;
			files = (
				4757A0841ABC1D9E00DA9FB5 /* ViewController.swift in Sources */,
				4757A0821ABC1D9E00DA9FB5 /* AppDelegate.swift in Sources */,
			);
			runOnlyForDeploymentPostprocessing = 0;
		};
		4757A08A1ABC1D9E00DA9FB5 /* Sources */ = {
			isa = PBXSourcesBuildPhase;
			buildActionMask = 2147483647;
			files = (
				4757A0951ABC1D9E00DA9FB5 /* MasterMindTests.swift in Sources */,
			);
			runOnlyForDeploymentPostprocessing = 0;
		};
/* End PBXSourcesBuildPhase section */

/* Begin PBXTargetDependency section */
		4757A0901ABC1D9E00DA9FB5 /* PBXTargetDependency */ = {
			isa = PBXTargetDependency;
			target = 4757A07B1ABC1D9E00DA9FB5 /* MasterMind */;
			targetProxy = 4757A08F1ABC1D9E00DA9FB5 /* PBXContainerItemProxy */;
		};
/* End PBXTargetDependency section */

/* Begin PBXVariantGroup section */
		4757A0871ABC1D9E00DA9FB5 /* Main.storyboard */ = {
			isa = PBXVariantGroup;
			children = (
				4757A0881ABC1D9E00DA9FB5 /* Base */,
			);
			name = Main.storyboard;
			sourceTree = "<group>";
		};
/* End PBXVariantGroup section */

/* Begin XCBuildConfiguration section */
		4757A0961ABC1D9E00DA9FB5 /* Debug */ = {
			isa = XCBuildConfiguration;
			buildSettings = {
				ALWAYS_SEARCH_USER_PATHS = NO;
				CLANG_CXX_LANGUAGE_STANDARD = "gnu++0x";
				CLANG_CXX_LIBRARY = "libc++";
				CLANG_ENABLE_MODULES = YES;
				CLANG_ENABLE_OBJC_ARC = YES;
				CLANG_WARN_BOOL_CONVERSION = YES;
				CLANG_WARN_CONSTANT_CONVERSION = YES;
				CLANG_WARN_DIRECT_OBJC_ISA_USAGE = YES_ERROR;
				CLANG_WARN_EMPTY_BODY = YES;
				CLANG_WARN_ENUM_CONVERSION = YES;
				CLANG_WARN_INT_CONVERSION = YES;
				CLANG_WARN_OBJC_ROOT_CLASS = YES_ERROR;
				CLANG_WARN_UNREACHABLE_CODE = YES;
				CLANG_WARN__DUPLICATE_METHOD_MATCH = YES;
				CODE_SIGN_IDENTITY = "-";
				COPY_PHASE_STRIP = NO;
				ENABLE_STRICT_OBJC_MSGSEND = YES;
				GCC_C_LANGUAGE_STANDARD = gnu99;
				GCC_DYNAMIC_NO_PIC = NO;
				GCC_OPTIMIZATION_LEVEL = 0;
				GCC_PREPROCESSOR_DEFINITIONS = (
					"DEBUG=1",
					"$(inherited)",
				);
				GCC_SYMBOLS_PRIVATE_EXTERN = NO;
				GCC_WARN_64_TO_32_BIT_CONVERSION = YES;
				GCC_WARN_ABOUT_RETURN_TYPE = YES_ERROR;
				GCC_WARN_UNDECLARED_SELECTOR = YES;
				GCC_WARN_UNINITIALIZED_AUTOS = YES_AGGRESSIVE;
				GCC_WARN_UNUSED_FUNCTION = YES;
				GCC_WARN_UNUSED_VARIABLE = YES;
				MACOSX_DEPLOYMENT_TARGET = 10.10;
				MTL_ENABLE_DEBUG_INFO = YES;
				ONLY_ACTIVE_ARCH = YES;
				SDKROOT = macosx;
				SWIFT_OPTIMIZATION_LEVEL = "-Onone";
			};
			name = Debug;
		};
		4757A0971ABC1D9E00DA9FB5 /* Release */ = {
			isa = XCBuildConfiguration;
			buildSettings = {
				ALWAYS_SEARCH_USER_PATHS = NO;
				CLANG_CXX_LANGUAGE_STANDARD = "gnu++0x";
				CLANG_CXX_LIBRARY = "libc++";
				CLANG_ENABLE_MODULES = YES;
				CLANG_ENABLE_OBJC_ARC = YES;
				CLANG_WARN_BOOL_CONVERSION = YES;
				CLANG_WARN_CONSTANT_CONVERSION = YES;
				CLANG_WARN_DIRECT_OBJC_ISA_USAGE = YES_ERROR;
				CLANG_WARN_EMPTY_BODY = YES;
				CLANG_WARN_ENUM_CONVERSION = YES;
				CLANG_WARN_INT_CONVERSION = YES;
				CLANG_WARN_OBJC_ROOT_CLASS = YES_ERROR;
				CLANG_WARN_UNREACHABLE_CODE = YES;
				CLANG_WARN__DUPLICATE_METHOD_MATCH = YES;
				CODE_SIGN_IDENTITY = "-";
				COPY_PHASE_STRIP = YES;
				DEBUG_INFORMATION_FORMAT = "dwarf-with-dsym";
				ENABLE_NS_ASSERTIONS = NO;
				ENABLE_STRICT_OBJC_MSGSEND = YES;
				GCC_C_LANGUAGE_STANDARD = gnu99;
				GCC_WARN_64_TO_32_BIT_CONVERSION = YES;
				GCC_WARN_ABOUT_RETURN_TYPE = YES_ERROR;
				GCC_WARN_UNDECLARED_SELECTOR = YES;
				GCC_WARN_UNINITIALIZED_AUTOS = YES_AGGRESSIVE;
				GCC_WARN_UNUSED_FUNCTION = YES;
				GCC_WARN_UNUSED_VARIABLE = YES;
				MACOSX_DEPLOYMENT_TARGET = 10.10;
				MTL_ENABLE_DEBUG_INFO = NO;
				SDKROOT = macosx;
			};
			name = Release;
		};
		4757A0991ABC1D9E00DA9FB5 /* Debug */ = {
			isa = XCBuildConfiguration;
			buildSettings = {
				ASSETCATALOG_COMPILER_APPICON_NAME = AppIcon;
				COMBINE_HIDPI_IMAGES = YES;
				INFOPLIST_FILE = MasterMind/Info.plist;
				LD_RUNPATH_SEARCH_PATHS = "$(inherited) @executable_path/../Frameworks";
				PRODUCT_NAME = "$(TARGET_NAME)";
			};
			name = Debug;
		};
		4757A09A1ABC1D9E00DA9FB5 /* Release */ = {
			isa = XCBuildConfiguration;
			buildSettings = {
				ASSETCATALOG_COMPILER_APPICON_NAME = AppIcon;
				COMBINE_HIDPI_IMAGES = YES;
				INFOPLIST_FILE = MasterMind/Info.plist;
				LD_RUNPATH_SEARCH_PATHS = "$(inherited) @executable_path/../Frameworks";
				PRODUCT_NAME = "$(TARGET_NAME)";
			};
			name = Release;
		};
		4757A09C1ABC1D9E00DA9FB5 /* Debug */ = {
			isa = XCBuildConfiguration;
			buildSettings = {
				BUNDLE_LOADER = "$(TEST_HOST)";
				COMBINE_HIDPI_IMAGES = YES;
				FRAMEWORK_SEARCH_PATHS = (
					"$(DEVELOPER_FRAMEWORKS_DIR)",
					"$(inherited)",
				);
				GCC_PREPROCESSOR_DEFINITIONS = (
					"DEBUG=1",
					"$(inherited)",
				);
				INFOPLIST_FILE = MasterMindTests/Info.plist;
				LD_RUNPATH_SEARCH_PATHS = "$(inherited) @executable_path/../Frameworks @loader_path/../Frameworks";
				PRODUCT_NAME = "$(TARGET_NAME)";
				TEST_HOST = "$(BUILT_PRODUCTS_DIR)/MasterMind.app/Contents/MacOS/MasterMind";
			};
			name = Debug;
		};
		4757A09D1ABC1D9E00DA9FB5 /* Release */ = {
			isa = XCBuildConfiguration;
			buildSettings = {
				BUNDLE_LOADER = "$(TEST_HOST)";
				COMBINE_HIDPI_IMAGES = YES;
				FRAMEWORK_SEARCH_PATHS = (
					"$(DEVELOPER_FRAMEWORKS_DIR)",
					"$(inherited)",
				);
				INFOPLIST_FILE = MasterMindTests/Info.plist;
				LD_RUNPATH_SEARCH_PATHS = "$(inherited) @executable_path/../Frameworks @loader_path/../Frameworks";
				PRODUCT_NAME = "$(TARGET_NAME)";
				TEST_HOST = "$(BUILT_PRODUCTS_DIR)/MasterMind.app/Contents/MacOS/MasterMind";
			};
			name = Release;
		};
/* End XCBuildConfiguration section */

/* Begin XCConfigurationList section */
		4757A0771ABC1D9E00DA9FB5 /* Build configuration list for PBXProject "MasterMind" */ = {
			isa = XCConfigurationList;
			buildConfigurations = (
				4757A0961ABC1D9E00DA9FB5 /* Debug */,
				4757A0971ABC1D9E00DA9FB5 /* Release */,
			);
			defaultConfigurationIsVisible = 0;
			defaultConfigurationName = Release;
		};
		4757A0981ABC1D9E00DA9FB5 /* Build configuration list for PBXNativeTarget "MasterMind" */ = {
			isa = XCConfigurationList;
			buildConfigurations = (
				4757A0991ABC1D9E00DA9FB5 /* Debug */,
				4757A09A1ABC1D9E00DA9FB5 /* Release */,
			);
			defaultConfigurationIsVisible = 0;
		};
		4757A09B1ABC1D9E00DA9FB5 /* Build configuration list for PBXNativeTarget "MasterMindTests" */ = {
			isa = XCConfigurationList;
			buildConfigurations = (
				4757A09C1ABC1D9E00DA9FB5 /* Debug */,
				4757A09D1ABC1D9E00DA9FB5 /* Release */,
			);
			defaultConfigurationIsVisible = 0;
		};
/* End XCConfigurationList section */
	};
	rootObject = 4757A0741ABC1D9E00DA9FB5 /* Project object */;
}
